
Microsoft Visual Studio Solution File, Format Version 12.00
# Visual Studio Version 17
VisualStudioVersion = 17.0.32014.148
MinimumVisualStudioVersion = 10.0.40219.1
Project("{FAE04EC0-301F-11D3-BF4B-00C04F79EFBC}") = "SKiaTest.UWP", "SKiaTest\SKiaTest.UWP\SKiaTest.UWP.csproj", "{E464FEDD-9824-4D06-859E-89304C2A9A4B}"
EndProject
Project("{FAE04EC0-301F-11D3-BF4B-00C04F79EFBC}") = "SKiaTest.Android", "SKiaTest\SKiaTest.Android\SKiaTest.Android.csproj", "{1637831E-3F8A-4275-98B3-951B5A0DEF16}"
EndProject
Project("{FAE04EC0-301F-11D3-BF4B-00C04F79EFBC}") = "SKiaTest.iOS", "SKiaTest\SKiaTest.iOS\SKiaTest.iOS.csproj", "{263D9FC1-87EA-406D-BFA0-FE74F52242D4}"
EndProject
Project("{FAE04EC0-301F-11D3-BF4B-00C04F79EFBC}") = "SKiaTest", "SKiaTest\SKiaTest\SKiaTest.csproj", "{519B9C82-13C4-4C68-B059-849016DE365D}"
EndProject
Global
	GlobalSection(SolutionConfigurationPlatforms) = preSolution
		Debug|Any CPU = Debug|Any CPU
		Debug|ARM = Debug|ARM
		Debug|iPhone = Debug|iPhone
		Debug|iPhoneSimulator = Debug|iPhoneSimulator
		Debug|x64 = Debug|x64
		Debug|x86 = Debug|x86
		Release|Any CPU = Release|Any CPU
		Release|ARM = Release|ARM
		Release|iPhone = Release|iPhone
		Release|iPhoneSimulator = Release|iPhoneSimulator
		Release|x64 = Release|x64
		Release|x86 = Release|x86
	EndGlobalSection
	GlobalSection(ProjectConfigurationPlatforms) = postSolution
		{E464FEDD-9824-4D06-859E-89304C2A9A4B}.Debug|Any CPU.ActiveCfg = Debug|x64
		{E464FEDD-9824-4D06-859E-89304C2A9A4B}.Debug|Any CPU.Build.0 = Debug|x64
		{E464FEDD-9824-4D06-859E-89304C2A9A4B}.Debug|Any CPU.Deploy.0 = Debug|x64
		{E464FEDD-9824-4D06-859E-89304C2A9A4B}.Debug|ARM.ActiveCfg = Debug|ARM
		{E464FEDD-9824-4D06-859E-89304C2A9A4B}.Debug|ARM.Build.0 = Debug|ARM
		{E464FEDD-9824-4D06-859E-89304C2A9A4B}.Debug|ARM.Deploy.0 = Debug|ARM
		{E464FEDD-9824-4D06-859E-89304C2A9A4B}.Debug|iPhone.ActiveCfg = Debug|x64
		{E464FEDD-9824-4D06-859E-89304C2A9A4B}.Debug|iPhone.Build.0 = Debug|x64
		{E464FEDD-9824-4D06-859E-89304C2A9A4B}.Debug|iPhone.Deploy.0 = Debug|x64
		{E464FEDD-9824-4D06-859E-89304C2A9A4B}.Debug|iPhoneSimulator.ActiveCfg = Debug|x64
		{E464FEDD-9824-4D06-859E-89304C2A9A4B}.Debug|iPhoneSimulator.Build.0 = Debug|x64
		{E464FEDD-9824-4D06-859E-89304C2A9A4B}.Debug|iPhoneSimulator.Deploy.0 = Debug|x64
		{E464FEDD-9824-4D06-859E-89304C2A9A4B}.Debug|x64.ActiveCfg = Debug|x64
		{E464FEDD-9824-4D06-859E-89304C2A9A4B}.Debug|x64.Build.0 = Debug|x64
		{E464FEDD-9824-4D06-859E-89304C2A9A4B}.Debug|x64.Deploy.0 = Debug|x64
		{E464FEDD-9824-4D06-859E-89304C2A9A4B}.Debug|x86.ActiveCfg = Debug|x86
		{E464FEDD-9824-4D06-859E-89304C2A9A4B}.Debug|x86.Build.0 = Debug|x86
		{E464FEDD-9824-4D06-859E-89304C2A9A4B}.Debug|x86.Deploy.0 = Debug|x86
		{E464FEDD-9824-4D06-859E-89304C2A9A4B}.Release|Any CPU.ActiveCfg = Release|x64
		{E464FEDD-9824-4D06-859E-89304C2A9A4B}.Release|Any CPU.Build.0 = Release|x64
		{E464FEDD-9824-4D06-859E-89304C2A9A4B}.Release|Any CPU.Deploy.0 = Release|x64
		{E464FEDD-9824-4D06-859E-89304C2A9A4B}.Release|ARM.ActiveCfg = Release|ARM
		{E464FEDD-9824-4D06-859E-89304C2A9A4B}.Release|ARM.Build.0 = Release|ARM
		{E464FEDD-9824-4D06-859E-89304C2A9A4B}.Release|ARM.Deploy.0 = Release|ARM
		{E464FEDD-9824-4D06-859E-89304C2A9A4B}.Release|iPhone.ActiveCfg = Release|x64
		{E464FEDD-9824-4D06-859E-89304C2A9A4B}.Release|iPhone.Build.0 = Release|x64
		{E464FEDD-9824-4D06-859E-89304C2A9A4B}.Release|iPhone.Deploy.0 = Release|x64
		{E464FEDD-9824-4D06-859E-89304C2A9A4B}.Release|iPhoneSimulator.ActiveCfg = Release|x64
		{E464FEDD-9824-4D06-859E-89304C2A9A4B}.Release|iPhoneSimulator.Build.0 = Release|x64
		{E464FEDD-9824-4D06-859E-89304C2A9A4B}.Release|iPhoneSimulator.Deploy.0 = Release|x64
		{E464FEDD-9824-4D06-859E-89304C2A9A4B}.Release|x64.ActiveCfg = Release|x64
		{E464FEDD-9824-4D06-859E-89304C2A9A4B}.Release|x64.Build.0 = Release|x64
		{E464FEDD-9824-4D06-859E-89304C2A9A4B}.Release|x64.Deploy.0 = Release|x64
		{E464FEDD-9824-4D06-859E-89304C2A9A4B}.Release|x86.ActiveCfg = Release|x86
		{E464FEDD-9824-4D06-859E-89304C2A9A4B}.Release|x86.Build.0 = Release|x86
		{E464FEDD-9824-4D06-859E-89304C2A9A4B}.Release|x86.Deploy.0 = Release|x86
		{1637831E-3F8A-4275-98B3-951B5A0DEF16}.Debug|Any CPU.ActiveCfg = Debug|Any CPU
		{1637831E-3F8A-4275-98B3-951B5A0DEF16}.Debug|Any CPU.Build.0 = Debug|Any CPU
		{1637831E-3F8A-4275-98B3-951B5A0DEF16}.Debug|Any CPU.Deploy.0 = Debug|Any CPU
		{1637831E-3F8A-4275-98B3-951B5A0DEF16}.Debug|ARM.ActiveCfg = Debug|Any CPU
		{1637831E-3F8A-4275-98B3-951B5A0DEF16}.Debug|ARM.Build.0 = Debug|Any CPU
		{1637831E-3F8A-4275-98B3-951B5A0DEF16}.Debug|ARM.Deploy.0 = Debug|Any CPU
		{1637831E-3F8A-4275-98B3-951B5A0DEF16}.Debug|iPhone.ActiveCfg = Debug|Any CPU
		{1637831E-3F8A-4275-98B3-951B5A0DEF16}.Debug|iPhone.Build.0 = Debug|Any CPU
		{1637831E-3F8A-4275-98B3-951B5A0DEF16}.Debug|iPhone.Deploy.0 = Debug|Any CPU
		{1637831E-3F8A-4275-98B3-951B5A0DEF16}.Debug|iPhoneSimulator.ActiveCfg = Debug|Any CPU
		{1637831E-3F8A-4275-98B3-951B5A0DEF16}.Debug|iPhoneSimulator.Build.0 = Debug|Any CPU
		{1637831E-3F8A-4275-98B3-951B5A0DEF16}.Debug|iPhoneSimulator.Deploy.0 = Debug|Any CPU
		{1637831E-3F8A-4275-98B3-951B5A0DEF16}.Debug|x64.ActiveCfg = Debug|Any CPU
		{1637831E-3F8A-4275-98B3-951B5A0DEF16}.Debug|x64.Build.0 = Debug|Any CPU
		{1637831E-3F8A-4275-98B3-951B5A0DEF16}.Debug|x64.Deploy.0 = Debug|Any CPU
		{1637831E-3F8A-4275-98B3-951B5A0DEF16}.Debug|x86.ActiveCfg = Debug|Any CPU
		{1637831E-3F8A-4275-98B3-951B5A0DEF16}.Debug|x86.Build.0 = Debug|Any CPU
		{1637831E-3F8A-4275-98B3-951B5A0DEF16}.Debug|x86.Deploy.0 = Debug|Any CPU
		{1637831E-3F8A-4275-98B3-951B5A0DEF16}.Release|Any CPU.ActiveCfg = Release|Any CPU
		{1637831E-3F8A-4275-98B3-951B5A0DEF16}.Release|Any CPU.Build.0 = Release|Any CPU
		{1637831E-3F8A-4275-98B3-951B5A0DEF16}.Release|Any CPU.Deploy.0 = Release|Any CPU
		{1637831E-3F8A-4275-98B3-951B5A0DEF16}.Release|ARM.ActiveCfg = Release|Any CPU
		{1637831E-3F8A-4275-98B3-951B5A0DEF16}.Release|ARM.Build.0 = Release|Any CPU
		{1637831E-3F8A-4275-98B3-951B5A0DEF16}.Release|ARM.Deploy.0 = Release|Any CPU
		{1637831E-3F8A-4275-98B3-951B5A0DEF16}.Release|iPhone.ActiveCfg = Release|Any CPU
		{1637831E-3F8A-4275-98B3-951B5A0DEF16}.Release|iPhone.Build.0 = Release|Any CPU
		{1637831E-3F8A-4275-98B3-951B5A0DEF16}.Release|iPhone.Deploy.0 = Release|Any CPU
		{1637831E-3F8A-4275-98B3-951B5A0DEF16}.Release|iPhoneSimulator.ActiveCfg = Release|Any CPU
		{1637831E-3F8A-4275-98B3-951B5A0DEF16}.Release|iPhoneSimulator.Build.0 = Release|Any CPU
		{1637831E-3F8A-4275-98B3-951B5A0DEF16}.Release|iPhoneSimulator.Deploy.0 = Release|Any CPU
		{1637831E-3F8A-4275-98B3-951B5A0DEF16}.Release|x64.ActiveCfg = Release|Any CPU
		{1637831E-3F8A-4275-98B3-951B5A0DEF16}.Release|x64.Build.0 = Release|Any CPU
		{1637831E-3F8A-4275-98B3-951B5A0DEF16}.Release|x64.Deploy.0 = Release|Any CPU
		{1637831E-3F8A-4275-98B3-951B5A0DEF16}.Release|x86.ActiveCfg = Release|Any CPU
		{1637831E-3F8A-4275-98B3-951B5A0DEF16}.Release|x86.Build.0 = Release|Any CPU
		{1637831E-3F8A-4275-98B3-951B5A0DEF16}.Release|x86.Deploy.0 = Release|Any CPU
		{263D9FC1-87EA-406D-BFA0-FE74F52242D4}.Debug|Any CPU.ActiveCfg = Debug|iPhoneSimulator
		{263D9FC1-87EA-406D-BFA0-FE74F52242D4}.Debug|Any CPU.Build.0 = Debug|iPhoneSimulator
		{263D9FC1-87EA-406D-BFA0-FE74F52242D4}.Debug|Any CPU.Deploy.0 = Debug|iPhoneSimulator
		{263D9FC1-87EA-406D-BFA0-FE74F52242D4}.Debug|ARM.ActiveCfg = Debug|iPhoneSimulator
		{263D9FC1-87EA-406D-BFA0-FE74F52242D4}.Debug|ARM.Build.0 = Debug|iPhoneSimulator
		{263D9FC1-87EA-406D-BFA0-FE74F52242D4}.Debug|ARM.Deploy.0 = Debug|iPhoneSimulator
		{263D9FC1-87EA-406D-BFA0-FE74F52242D4}.Debug|iPhone.ActiveCfg = Debug|iPhone
		{263D9FC1-87EA-406D-BFA0-FE74F52242D4}.Debug|iPhone.Build.0 = Debug|iPhone
		{263D9FC1-87EA-406D-BFA0-FE74F52242D4}.Debug|iPhone.Deploy.0 = Debug|iPhone
		{263D9FC1-87EA-406D-BFA0-FE74F52242D4}.Debug|iPhoneSimulator.ActiveCfg = Debug|iPhoneSimulator
		{263D9FC1-87EA-406D-BFA0-FE74F52242D4}.Debug|iPhoneSimulator.Build.0 = Debug|iPhoneSimulator
		{263D9FC1-87EA-406D-BFA0-FE74F52242D4}.Debug|iPhoneSimulator.Deploy.0 = Debug|iPhoneSimulator
		{263D9FC1-87EA-406D-BFA0-FE74F52242D4}.Debug|x64.ActiveCfg = Debug|iPhone
		{263D9FC1-87EA-406D-BFA0-FE74F52242D4}.Debug|x64.Build.0 = Debug|iPhone
		{263D9FC1-87EA-406D-BFA0-FE74F52242D4}.Debug|x64.Deploy.0 = Debug|iPhone
		{263D9FC1-87EA-406D-BFA0-FE74F52242D4}.Debug|x86.ActiveCfg = Debug|iPhoneSimulator
		{263D9FC1-87EA-406D-BFA0-FE74F52242D4}.Debug|x86.Build.0 = Debug|iPhoneSimulator
		{263D9FC1-87EA-406D-BFA0-FE74F52242D4}.Debug|x86.Deploy.0 = Debug|iPhoneSimulator
		{263D9FC1-87EA-406D-BFA0-FE74F52242D4}.Release|Any CPU.ActiveCfg = Release|iPhoneSimulator
		{263D9FC1-87EA-406D-BFA0-FE74F52242D4}.Release|Any CPU.Build.0 = Release|iPhoneSimulator
		{263D9FC1-87EA-406D-BFA0-FE74F52242D4}.Release|Any CPU.Deploy.0 = Release|iPhoneSimulator
		{263D9FC1-87EA-406D-BFA0-FE74F52242D4}.Release|ARM.ActiveCfg = Release|iPhoneSimulator
		{263D9FC1-87EA-406D-BFA0-FE74F52242D4}.Release|ARM.Build.0 = Release|iPhoneSimulator
		{263D9FC1-87EA-406D-BFA0-FE74F52242D4}.Release|ARM.Deploy.0 = Release|iPhoneSimulator
		{263D9FC1-87EA-406D-BFA0-FE74F52242D4}.Release|iPhone.ActiveCfg = Release|iPhone
		{263D9FC1-87EA-406D-BFA0-FE74F52242D4}.Release|iPhone.Build.0 = Release|iPhone
		{263D9FC1-87EA-406D-BFA0-FE74F52242D4}.Release|iPhone.Deploy.0 = Release|iPhone
		{263D9FC1-87EA-406D-BFA0-FE74F52242D4}.Release|iPhoneSimulator.ActiveCfg = Release|iPhoneSimulator
		{263D9FC1-87EA-406D-BFA0-FE74F52242D4}.Release|iPhoneSimulator.Build.0 = Release|iPhoneSimulator
		{263D9FC1-87EA-406D-BFA0-FE74F52242D4}.Release|iPhoneSimulator.Deploy.0 = Release|iPhoneSimulator
		{263D9FC1-87EA-406D-BFA0-FE74F52242D4}.Release|x64.ActiveCfg = Release|iPhoneSimulator
		{263D9FC1-87EA-406D-BFA0-FE74F52242D4}.Release|x64.Build.0 = Release|iPhoneSimulator
		{263D9FC1-87EA-406D-BFA0-FE74F52242D4}.Release|x64.Deploy.0 = Release|iPhoneSimulator
		{263D9FC1-87EA-406D-BFA0-FE74F52242D4}.Release|x86.ActiveCfg = Release|iPhoneSimulator
		{263D9FC1-87EA-406D-BFA0-FE74F52242D4}.Release|x86.Build.0 = Release|iPhoneSimulator
		{263D9FC1-87EA-406D-BFA0-FE74F52242D4}.Release|x86.Deploy.0 = Release|iPhoneSimulator
		{519B9C82-13C4-4C68-B059-849016DE365D}.Debug|Any CPU.ActiveCfg = Debug|Any CPU
		{519B9C82-13C4-4C68-B059-849016DE365D}.Debug|Any CPU.Build.0 = Debug|Any CPU
		{519B9C82-13C4-4C68-B059-849016DE365D}.Debug|Any CPU.Deploy.0 = Debug|Any CPU
		{519B9C82-13C4-4C68-B059-849016DE365D}.Debug|ARM.ActiveCfg = Debug|Any CPU
		{519B9C82-13C4-4C68-B059-849016DE365D}.Debug|ARM.Build.0 = Debug|Any CPU
		{519B9C82-13C4-4C68-B059-849016DE365D}.Debug|ARM.Deploy.0 = Debug|Any CPU
		{519B9C82-13C4-4C68-B059-849016DE365D}.Debug|iPhone.ActiveCfg = Debug|Any CPU
		{519B9C82-13C4-4C68-B059-849016DE365D}.Debug|iPhone.Build.0 = Debug|Any CPU
		{519B9C82-13C4-4C68-B059-849016DE365D}.Debug|iPhone.Deploy.0 = Debug|Any CPU
		{519B9C82-13C4-4C68-B059-849016DE365D}.Debug|iPhoneSimulator.ActiveCfg = Debug|Any CPU
		{519B9C82-13C4-4C68-B059-849016DE365D}.Debug|iPhoneSimulator.Build.0 = Debug|Any CPU
		{519B9C82-13C4-4C68-B059-849016DE365D}.Debug|iPhoneSimulator.Deploy.0 = Debug|Any CPU
		{519B9C82-13C4-4C68-B059-849016DE365D}.Debug|x64.ActiveCfg = Debug|Any CPU
		{519B9C82-13C4-4C68-B059-849016DE365D}.Debug|x64.Build.0 = Debug|Any CPU
		{519B9C82-13C4-4C68-B059-849016DE365D}.Debug|x64.Deploy.0 = Debug|Any CPU
		{519B9C82-13C4-4C68-B059-849016DE365D}.Debug|x86.ActiveCfg = Debug|Any CPU
		{519B9C82-13C4-4C68-B059-849016DE365D}.Debug|x86.Build.0 = Debug|Any CPU
		{519B9C82-13C4-4C68-B059-849016DE365D}.Debug|x86.Deploy.0 = Debug|Any CPU
		{519B9C82-13C4-4C68-B059-849016DE365D}.Release|Any CPU.ActiveCfg = Release|Any CPU
		{519B9C82-13C4-4C68-B059-849016DE365D}.Release|Any CPU.Build.0 = Release|Any CPU
		{519B9C82-13C4-4C68-B059-849016DE365D}.Release|Any CPU.Deploy.0 = Release|Any CPU
		{519B9C82-13C4-4C68-B059-849016DE365D}.Release|ARM.ActiveCfg = Release|Any CPU
		{519B9C82-13C4-4C68-B059-849016DE365D}.Release|ARM.Build.0 = Release|Any CPU
		{519B9C82-13C4-4C68-B059-849016DE365D}.Release|ARM.Deploy.0 = Release|Any CPU
		{519B9C82-13C4-4C68-B059-849016DE365D}.Release|iPhone.ActiveCfg = Release|Any CPU
		{519B9C82-13C4-4C68-B059-849016DE365D}.Release|iPhone.Build.0 = Release|Any CPU
		{519B9C82-13C4-4C68-B059-849016DE365D}.Release|iPhone.Deploy.0 = Release|Any CPU
		{519B9C82-13C4-4C68-B059-849016DE365D}.Release|iPhoneSimulator.ActiveCfg = Release|Any CPU
		{519B9C82-13C4-4C68-B059-849016DE365D}.Release|iPhoneSimulator.Build.0 = Release|Any CPU
		{519B9C82-13C4-4C68-B059-849016DE365D}.Release|iPhoneSimulator.Deploy.0 = Release|Any CPU
		{519B9C82-13C4-4C68-B059-849016DE365D}.Release|x64.ActiveCfg = Release|Any CPU
		{519B9C82-13C4-4C68-B059-849016DE365D}.Release|x64.Build.0 = Release|Any CPU
		{519B9C82-13C4-4C68-B059-849016DE365D}.Release|x64.Deploy.0 = Release|Any CPU
		{519B9C82-13C4-4C68-B059-849016DE365D}.Release|x86.ActiveCfg = Release|Any CPU
		{519B9C82-13C4-4C68-B059-849016DE365D}.Release|x86.Build.0 = Release|Any CPU
		{519B9C82-13C4-4C68-B059-849016DE365D}.Release|x86.Deploy.0 = Release|Any CPU
	EndGlobalSection
	GlobalSection(SolutionProperties) = preSolution
		HideSolutionNode = FALSE
	EndGlobalSection
	GlobalSection(ExtensibilityGlobals) = postSolution
		SolutionGuid = {FE0B44F2-AF88-421E-A7F7-8BE3AF9F8165}
	EndGlobalSection
EndGlobal
